
Microsoft Visual Studio Solution File, Format Version 12.00
# Visual Studio 15
VisualStudioVersion = 15.0.27004.2005
MinimumVisualStudioVersion = 10.0.40219.1
Project("{FAE04EC0-301F-11D3-BF4B-00C04F79EFBC}") = "SportsStore.Domain", "SportsStore.Domain\SportsStore.Domain.csproj", "{890ED1CF-9047-489C-BBE0-C09D57900DFF}"
EndProject
Project("{FAE04EC0-301F-11D3-BF4B-00C04F79EFBC}") = "SportsStore.WebUI", "SportsStore.WebUI\SportsStore.WebUI.csproj", "{BB624E42-EB7A-4698-AE1E-D9F927E3AD2A}"
EndProject
Project("{FAE04EC0-301F-11D3-BF4B-00C04F79EFBC}") = "SportsStore.UnitTests", "SportsStore.UnitTests\SportsStore.UnitTests.csproj", "{D444431F-6C0B-4426-BD57-BE264F6F9005}"
EndProject
Global
	GlobalSection(SolutionConfigurationPlatforms) = preSolution
		Debug|Any CPU = Debug|Any CPU
		Release|Any CPU = Release|Any CPU
	EndGlobalSection
	GlobalSection(ProjectConfigurationPlatforms) = postSolution
		{890ED1CF-9047-489C-BBE0-C09D57900DFF}.Debug|Any CPU.ActiveCfg = Debug|Any CPU
		{890ED1CF-9047-489C-BBE0-C09D57900DFF}.Debug|Any CPU.Build.0 = Debug|Any CPU
		{890ED1CF-9047-489C-BBE0-C09D57900DFF}.Release|Any CPU.ActiveCfg = Release|Any CPU
		{890ED1CF-9047-489C-BBE0-C09D57900DFF}.Release|Any CPU.Build.0 = Release|Any CPU
		{BB624E42-EB7A-4698-AE1E-D9F927E3AD2A}.Debug|Any CPU.ActiveCfg = Debug|Any CPU
		{BB624E42-EB7A-4698-AE1E-D9F927E3AD2A}.Debug|Any CPU.Build.0 = Debug|Any CPU
		{BB624E42-EB7A-4698-AE1E-D9F927E3AD2A}.Release|Any CPU.ActiveCfg = Release|Any CPU
		{BB624E42-EB7A-4698-AE1E-D9F927E3AD2A}.Release|Any CPU.Build.0 = Release|Any CPU
		{D444431F-6C0B-4426-BD57-BE264F6F9005}.Debug|Any CPU.ActiveCfg = Debug|Any CPU
		{D444431F-6C0B-4426-BD57-BE264F6F9005}.Debug|Any CPU.Build.0 = Debug|Any CPU
		{D444431F-6C0B-4426-BD57-BE264F6F9005}.Release|Any CPU.ActiveCfg = Release|Any CPU
		{D444431F-6C0B-4426-BD57-BE264F6F9005}.Release|Any CPU.Build.0 = Release|Any CPU
	EndGlobalSection
	GlobalSection(SolutionProperties) = preSolution
		HideSolutionNode = FALSE
	EndGlobalSection
	GlobalSection(ExtensibilityGlobals) = postSolution
		SolutionGuid = {09CE5783-CDCD-417B-A80D-17C861F2DDAE}
	EndGlobalSection
EndGlobal
